
Microsoft Visual Studio Solution File, Format Version 12.00
# Visual Studio 15
VisualStudioVersion = 15.0.27428.2043
MinimumVisualStudioVersion = 10.0.40219.1
Project("{8BC9CEB8-8B4A-11D0-8D11-00A0C91BC942}") = "Simple-NS-2D", "Simple-NS-2D.vcxproj", "{EA6A3015-066C-4EC7-A847-7AF50B7EFD8A}"
EndProject
Global
	GlobalSection(SolutionConfigurationPlatforms) = preSolution
		Debug|x64 = Debug|x64
		Debug|x86 = Debug|x86
		Release|x64 = Release|x64
		Release|x86 = Release|x86
	EndGlobalSection
	GlobalSection(ProjectConfigurationPlatforms) = postSolution
		{EA6A3015-066C-4EC7-A847-7AF50B7EFD8A}.Debug|x64.ActiveCfg = Debug|x64
		{EA6A3015-066C-4EC7-A847-7AF50B7EFD8A}.Debug|x64.Build.0 = Debug|x64
		{EA6A3015-066C-4EC7-A847-7AF50B7EFD8A}.Debug|x86.ActiveCfg = Debug|Win32
		{EA6A3015-066C-4EC7-A847-7AF50B7EFD8A}.Debug|x86.Build.0 = Debug|Win32
		{EA6A3015-066C-4EC7-A847-7AF50B7EFD8A}.Release|x64.ActiveCfg = Release|x64
		{EA6A3015-066C-4EC7-A847-7AF50B7EFD8A}.Release|x64.Build.0 = Release|x64
		{EA6A3015-066C-4EC7-A847-7AF50B7EFD8A}.Release|x86.ActiveCfg = Release|Win32
		{EA6A3015-066C-4EC7-A847-7AF50B7EFD8A}.Release|x86.Build.0 = Release|Win32
	EndGlobalSection
	GlobalSection(SolutionProperties) = preSolution
		HideSolutionNode = FALSE
	EndGlobalSection
	GlobalSection(ExtensibilityGlobals) = postSolution
		SolutionGuid = {C6FDFCFB-46A2-4A3A-A983-EAEB74539BA3}
	EndGlobalSection
EndGlobal
